{
  "name": "@definejs/directory",
  "version": "2.0.2",
  "lockfileVersion": 2,
  "requires": true,
  "packages": {
    "": {
      "name": "@definejs/directory",
      "version": "2.0.2",
      "license": "MIT",
      "dependencies": {
        "@definejs/path": "^2.0.1"
      }
    },
    "node_modules/@definejs/path": {
      "version": "2.0.1",
      "resolved": "https://registry.npmjs.org/@definejs/path/-/path-2.0.1.tgz",
      "integrity": "sha512-PMNdSIP/VQvX7R94Yvjb4hGA0/n3k2MVnONjV8j2RtxDACAD6R67Ek8ezc7C5dDdwvT2IaYxaaqXeltyLRStyg=="
    }
  },
  "dependencies": {
    "@definejs/path": {
      "version": "2.0.1",
      "resolved": "https://registry.npmjs.org/@definejs/path/-/path-2.0.1.tgz",
      "integrity": "sha512-PMNdSIP/VQvX7R94Yvjb4hGA0/n3k2MVnONjV8j2RtxDACAD6R67Ek8ezc7C5dDdwvT2IaYxaaqXeltyLRStyg=="
    }
  }
}
